
Microsoft Visual Studio Solution File, Format Version 12.00
# Visual Studio 15
VisualStudioVersion = 15.0.27428.2005
MinimumVisualStudioVersion = 10.0.40219.1
Project("{9A19103F-16F7-4668-BE54-9A1E7A4F7556}") = "EventsMVC", "ContosoUniversity\EventsMVC.csproj", "{08576BB7-A982-4966-80EA-25863BAE2618}"
EndProject
Global
	GlobalSection(SolutionConfigurationPlatforms) = preSolution
		Debug|Any CPU = Debug|Any CPU
		Release|Any CPU = Release|Any CPU
	EndGlobalSection
	GlobalSection(ProjectConfigurationPlatforms) = postSolution
		{08576BB7-A982-4966-80EA-25863BAE2618}.Debug|Any CPU.ActiveCfg = Debug|Any CPU
		{08576BB7-A982-4966-80EA-25863BAE2618}.Debug|Any CPU.Build.0 = Debug|Any CPU
		{08576BB7-A982-4966-80EA-25863BAE2618}.Release|Any CPU.ActiveCfg = Release|Any CPU
		{08576BB7-A982-4966-80EA-25863BAE2618}.Release|Any CPU.Build.0 = Release|Any CPU
	EndGlobalSection
	GlobalSection(SolutionProperties) = preSolution
		HideSolutionNode = FALSE
	EndGlobalSection
	GlobalSection(ExtensibilityGlobals) = postSolution
		SolutionGuid = {FA6924EB-7655-4E53-A8B5-28A85820D8A7}
	EndGlobalSection
EndGlobal
